// !$*UTF8*$!
{
	archiveVersion = 1;
	classes = {
	};
	objectVersion = 56;
	objects = {

/* Begin PBXBuildFile section */
		C915348C2B4AF7DD0040256B /* AppDelegate.swift in Sources */ = {isa = PBXBuildFile; fileRef = C915348B2B4AF7DD0040256B /* AppDelegate.swift */; };
		C915348E2B4AF7DD0040256B /* SceneDelegate.swift in Sources */ = {isa = PBXBuildFile; fileRef = C915348D2B4AF7DD0040256B /* SceneDelegate.swift */; };
		C91534902B4AF7DD0040256B /* ViewController.swift in Sources */ = {isa = PBXBuildFile; fileRef = C915348F2B4AF7DD0040256B /* ViewController.swift */; };
		C91534932B4AF7DD0040256B /* Main.storyboard in Resources */ = {isa = PBXBuildFile; fileRef = C91534912B4AF7DD0040256B /* Main.storyboard */; };
		C91534962B4AF7DD0040256B /* testproject.xcdatamodeld in Sources */ = {isa = PBXBuildFile; fileRef = C91534942B4AF7DD0040256B /* testproject.xcdatamodeld */; };
		C91534982B4AF7DE0040256B /* Assets.xcassets in Resources */ = {isa = PBXBuildFile; fileRef = C91534972B4AF7DE0040256B /* Assets.xcassets */; };
		C915349B2B4AF7DE0040256B /* LaunchScreen.storyboard in Resources */ = {isa = PBXBuildFile; fileRef = C91534992B4AF7DE0040256B /* LaunchScreen.storyboard */; };
		C91534A62B4AF7DE0040256B /* testprojectTests.swift in Sources */ = {isa = PBXBuildFile; fileRef = C91534A52B4AF7DE0040256B /* testprojectTests.swift */; };
		C91534B02B4AF7DE0040256B /* testprojectUITests.swift in Sources */ = {isa = PBXBuildFile; fileRef = C91534AF2B4AF7DE0040256B /* testprojectUITests.swift */; };
		C91534B22B4AF7DE0040256B /* testprojectUITestsLaunchTests.swift in Sources */ = {isa = PBXBuildFile; fileRef = C91534B12B4AF7DE0040256B /* testprojectUITestsLaunchTests.swift */; };
		C91534BF2B4B24200040256B /* Helper.swift in Sources */ = {isa = PBXBuildFile; fileRef = C91534BE2B4B24200040256B /* Helper.swift */; };
		C973BA812B52DDAF008F1446 /* Tokenizer.swift in Sources */ = {isa = PBXBuildFile; fileRef = C973BA802B52DDAF008F1446 /* Tokenizer.swift */; };
		C973BA832B52DE10008F1446 /* TokenizerTests.swift in Sources */ = {isa = PBXBuildFile; fileRef = C973BA822B52DE10008F1446 /* TokenizerTests.swift */; };
		C9EA1CAD2B52EC410010A8EF /* ViewControllerUITests.swift in Sources */ = {isa = PBXBuildFile; fileRef = C9EA1CAC2B52EC410010A8EF /* ViewControllerUITests.swift */; };
/* End PBXBuildFile section */

/* Begin PBXContainerItemProxy section */
		C91534A22B4AF7DE0040256B /* PBXContainerItemProxy */ = {
			isa = PBXContainerItemProxy;
			containerPortal = C91534802B4AF7DD0040256B /* Project object */;
			proxyType = 1;
			remoteGlobalIDString = C91534872B4AF7DD0040256B;
			remoteInfo = testproject;
		};
		C91534AC2B4AF7DE0040256B /* PBXContainerItemProxy */ = {
			isa = PBXContainerItemProxy;
			containerPortal = C91534802B4AF7DD0040256B /* Project object */;
			proxyType = 1;
			remoteGlobalIDString = C91534872B4AF7DD0040256B;
			remoteInfo = testproject;
		};
/* End PBXContainerItemProxy section */

/* Begin PBXFileReference section */
		C91534882B4AF7DD0040256B /* testproject.app */ = {isa = PBXFileReference; explicitFileType = wrapper.application; includeInIndex = 0; path = testproject.app; sourceTree = BUILT_PRODUCTS_DIR; };
		C915348B2B4AF7DD0040256B /* AppDelegate.swift */ = {isa = PBXFileReference; lastKnownFileType = sourcecode.swift; path = AppDelegate.swift; sourceTree = "<group>"; };
		C915348D2B4AF7DD0040256B /* SceneDelegate.swift */ = {isa = PBXFileReference; lastKnownFileType = sourcecode.swift; path = SceneDelegate.swift; sourceTree = "<group>"; };
		C915348F2B4AF7DD0040256B /* ViewController.swift */ = {isa = PBXFileReference; lastKnownFileType = sourcecode.swift; path = ViewController.swift; sourceTree = "<group>"; };
		C91534922B4AF7DD0040256B /* Base */ = {isa = PBXFileReference; lastKnownFileType = file.storyboard; name = Base; path = Base.lproj/Main.storyboard; sourceTree = "<group>"; };
		C91534952B4AF7DD0040256B /* testproject.xcdatamodel */ = {isa = PBXFileReference; lastKnownFileType = wrapper.xcdatamodel; path = testproject.xcdatamodel; sourceTree = "<group>"; };
		C91534972B4AF7DE0040256B /* Assets.xcassets */ = {isa = PBXFileReference; lastKnownFileType = folder.assetcatalog; path = Assets.xcassets; sourceTree = "<group>"; };
		C915349A2B4AF7DE0040256B /* Base */ = {isa = PBXFileReference; lastKnownFileType = file.storyboard; name = Base; path = Base.lproj/LaunchScreen.storyboard; sourceTree = "<group>"; };
		C915349C2B4AF7DE0040256B /* Info.plist */ = {isa = PBXFileReference; lastKnownFileType = text.plist.xml; path = Info.plist; sourceTree = "<group>"; };
		C91534A12B4AF7DE0040256B /* testprojectTests.xctest */ = {isa = PBXFileReference; explicitFileType = wrapper.cfbundle; includeInIndex = 0; path = testprojectTests.xctest; sourceTree = BUILT_PRODUCTS_DIR; };
		C91534A52B4AF7DE0040256B /* testprojectTests.swift */ = {isa = PBXFileReference; lastKnownFileType = sourcecode.swift; path = testprojectTests.swift; sourceTree = "<group>"; };
		C91534AB2B4AF7DE0040256B /* testprojectUITests.xctest */ = {isa = PBXFileReference; explicitFileType = wrapper.cfbundle; includeInIndex = 0; path = testprojectUITests.xctest; sourceTree = BUILT_PRODUCTS_DIR; };
		C91534AF2B4AF7DE0040256B /* testprojectUITests.swift */ = {isa = PBXFileReference; lastKnownFileType = sourcecode.swift; path = testprojectUITests.swift; sourceTree = "<group>"; };
		C91534B12B4AF7DE0040256B /* testprojectUITestsLaunchTests.swift */ = {isa = PBXFileReference; lastKnownFileType = sourcecode.swift; path = testprojectUITestsLaunchTests.swift; sourceTree = "<group>"; };
		C91534BE2B4B24200040256B /* Helper.swift */ = {isa = PBXFileReference; lastKnownFileType = sourcecode.swift; path = Helper.swift; sourceTree = "<group>"; };
		C973BA802B52DDAF008F1446 /* Tokenizer.swift */ = {isa = PBXFileReference; lastKnownFileType = sourcecode.swift; path = Tokenizer.swift; sourceTree = "<group>"; };
		C973BA822B52DE10008F1446 /* TokenizerTests.swift */ = {isa = PBXFileReference; lastKnownFileType = sourcecode.swift; path = TokenizerTests.swift; sourceTree = "<group>"; };
		C9EA1CAC2B52EC410010A8EF /* ViewControllerUITests.swift */ = {isa = PBXFileReference; lastKnownFileType = sourcecode.swift; path = ViewControllerUITests.swift; sourceTree = "<group>"; };
/* End PBXFileReference section */

/* Begin PBXFrameworksBuildPhase section */
		C91534852B4AF7DD0040256B /* Frameworks */ = {
			isa = PBXFrameworksBuildPhase;
			buildActionMask = 2147483647;
			files = (
			);
			runOnlyForDeploymentPostprocessing = 0;
		};
		C915349E2B4AF7DE0040256B /* Frameworks */ = {
			isa = PBXFrameworksBuildPhase;
			buildActionMask = 2147483647;
			files = (
			);
			runOnlyForDeploymentPostprocessing = 0;
		};
		C91534A82B4AF7DE0040256B /* Frameworks */ = {
			isa = PBXFrameworksBuildPhase;
			buildActionMask = 2147483647;
			files = (
			);
			runOnlyForDeploymentPostprocessing = 0;
		};
/* End PBXFrameworksBuildPhase section */

/* Begin PBXGroup section */
		C915347F2B4AF7DD0040256B = {
			isa = PBXGroup;
			children = (
				C915348A2B4AF7DD0040256B /* testproject */,
				C91534A42B4AF7DE0040256B /* testprojectTests */,
				C91534AE2B4AF7DE0040256B /* testprojectUITests */,
				C91534892B4AF7DD0040256B /* Products */,
			);
			sourceTree = "<group>";
		};
		C91534892B4AF7DD0040256B /* Products */ = {
			isa = PBXGroup;
			children = (
				C91534882B4AF7DD0040256B /* testproject.app */,
				C91534A12B4AF7DE0040256B /* testprojectTests.xctest */,
				C91534AB2B4AF7DE0040256B /* testprojectUITests.xctest */,
			);
			name = Products;
			sourceTree = "<group>";
		};
		C915348A2B4AF7DD0040256B /* testproject */ = {
			isa = PBXGroup;
			children = (
				C915348B2B4AF7DD0040256B /* AppDelegate.swift */,
				C915348D2B4AF7DD0040256B /* SceneDelegate.swift */,
				C915348F2B4AF7DD0040256B /* ViewController.swift */,
				C91534912B4AF7DD0040256B /* Main.storyboard */,
				C91534972B4AF7DE0040256B /* Assets.xcassets */,
				C91534992B4AF7DE0040256B /* LaunchScreen.storyboard */,
				C915349C2B4AF7DE0040256B /* Info.plist */,
				C91534942B4AF7DD0040256B /* testproject.xcdatamodeld */,
				C91534BE2B4B24200040256B /* Helper.swift */,
				C973BA802B52DDAF008F1446 /* Tokenizer.swift */,
			);
			path = testproject;
			sourceTree = "<group>";
		};
		C91534A42B4AF7DE0040256B /* testprojectTests */ = {
			isa = PBXGroup;
			children = (
				C91534A52B4AF7DE0040256B /* testprojectTests.swift */,
				C973BA822B52DE10008F1446 /* TokenizerTests.swift */,
			);
			path = testprojectTests;
			sourceTree = "<group>";
		};
		C91534AE2B4AF7DE0040256B /* testprojectUITests */ = {
			isa = PBXGroup;
			children = (
				C91534AF2B4AF7DE0040256B /* testprojectUITests.swift */,
				C91534B12B4AF7DE0040256B /* testprojectUITestsLaunchTests.swift */,
				C9EA1CAC2B52EC410010A8EF /* ViewControllerUITests.swift */,
			);
			path = testprojectUITests;
			sourceTree = "<group>";
		};
/* End PBXGroup section */

/* Begin PBXNativeTarget section */
		C91534872B4AF7DD0040256B /* testproject */ = {
			isa = PBXNativeTarget;
			buildConfigurationList = C91534B52B4AF7DE0040256B /* Build configuration list for PBXNativeTarget "testproject" */;
			buildPhases = (
				C91534842B4AF7DD0040256B /* Sources */,
				C91534852B4AF7DD0040256B /* Frameworks */,
				C91534862B4AF7DD0040256B /* Resources */,
			);
			buildRules = (
			);
			dependencies = (
			);
			name = testproject;
			productName = testproject;
			productReference = C91534882B4AF7DD0040256B /* testproject.app */;
			productType = "com.apple.product-type.application";
		};
		C91534A02B4AF7DE0040256B /* testprojectTests */ = {
			isa = PBXNativeTarget;
			buildConfigurationList = C91534B82B4AF7DE0040256B /* Build configuration list for PBXNativeTarget "testprojectTests" */;
			buildPhases = (
				C915349D2B4AF7DE0040256B /* Sources */,
				C915349E2B4AF7DE0040256B /* Frameworks */,
				C915349F2B4AF7DE0040256B /* Resources */,
			);
			buildRules = (
			);
			dependencies = (
				C91534A32B4AF7DE0040256B /* PBXTargetDependency */,
			);
			name = testprojectTests;
			productName = testprojectTests;
			productReference = C91534A12B4AF7DE0040256B /* testprojectTests.xctest */;
			productType = "com.apple.product-type.bundle.unit-test";
		};
		C91534AA2B4AF7DE0040256B /* testprojectUITests */ = {
			isa = PBXNativeTarget;
			buildConfigurationList = C91534BB2B4AF7DE0040256B /* Build configuration list for PBXNativeTarget "testprojectUITests" */;
			buildPhases = (
				C91534A72B4AF7DE0040256B /* Sources */,
				C91534A82B4AF7DE0040256B /* Frameworks */,
				C91534A92B4AF7DE0040256B /* Resources */,
			);
			buildRules = (
			);
			dependencies = (
				C91534AD2B4AF7DE0040256B /* PBXTargetDependency */,
			);
			name = testprojectUITests;
			productName = testprojectUITests;
			productReference = C91534AB2B4AF7DE0040256B /* testprojectUITests.xctest */;
			productType = "com.apple.product-type.bundle.ui-testing";
		};
/* End PBXNativeTarget section */

/* Begin PBXProject section */
		C91534802B4AF7DD0040256B /* Project object */ = {
			isa = PBXProject;
			attributes = {
				BuildIndependentTargetsInParallel = 1;
				LastSwiftUpdateCheck = 1430;
				LastUpgradeCheck = 1430;
				TargetAttributes = {
					C91534872B4AF7DD0040256B = {
						CreatedOnToolsVersion = 14.3.1;
					};
					C91534A02B4AF7DE0040256B = {
						CreatedOnToolsVersion = 14.3.1;
						TestTargetID = C91534872B4AF7DD0040256B;
					};
					C91534AA2B4AF7DE0040256B = {
						CreatedOnToolsVersion = 14.3.1;
						TestTargetID = C91534872B4AF7DD0040256B;
					};
				};
			};
			buildConfigurationList = C91534832B4AF7DD0040256B /* Build configuration list for PBXProject "testproject" */;
			compatibilityVersion = "Xcode 14.0";
			developmentRegion = en;
			hasScannedForEncodings = 0;
			knownRegions = (
				en,
				Base,
			);
			mainGroup = C915347F2B4AF7DD0040256B;
			productRefGroup = C91534892B4AF7DD0040256B /* Products */;
			projectDirPath = "";
			projectRoot = "";
			targets = (
				C91534872B4AF7DD0040256B /* testproject */,
				C91534A02B4AF7DE0040256B /* testprojectTests */,
				C91534AA2B4AF7DE0040256B /* testprojectUITests */,
			);
		};
/* End PBXProject section */

/* Begin PBXResourcesBuildPhase section */
		C91534862B4AF7DD0040256B /* Resources */ = {
			isa = PBXResourcesBuildPhase;
			buildActionMask = 2147483647;
			files = (
				C915349B2B4AF7DE0040256B /* LaunchScreen.storyboard in Resources */,
				C91534982B4AF7DE0040256B /* Assets.xcassets in Resources */,
				C91534932B4AF7DD0040256B /* Main.storyboard in Resources */,
			);
			runOnlyForDeploymentPostprocessing = 0;
		};
		C915349F2B4AF7DE0040256B /* Resources */ = {
			isa = PBXResourcesBuildPhase;
			buildActionMask = 2147483647;
			files = (
			);
			runOnlyForDeploymentPostprocessing = 0;
		};
		C91534A92B4AF7DE0040256B /* Resources */ = {
			isa = PBXResourcesBuildPhase;
			buildActionMask = 2147483647;
			files = (
			);
			runOnlyForDeploymentPostprocessing = 0;
		};
/* End PBXResourcesBuildPhase section */

/* Begin PBXSourcesBuildPhase section */
		C91534842B4AF7DD0040256B /* Sources */ = {
			isa = PBXSourcesBuildPhase;
			buildActionMask = 2147483647;
			files = (
				C91534902B4AF7DD0040256B /* ViewController.swift in Sources */,
				C973BA812B52DDAF008F1446 /* Tokenizer.swift in Sources */,
				C915348C2B4AF7DD0040256B /* AppDelegate.swift in Sources */,
				C91534BF2B4B24200040256B /* Helper.swift in Sources */,
				C915348E2B4AF7DD0040256B /* SceneDelegate.swift in Sources */,
				C91534962B4AF7DD0040256B /* testproject.xcdatamodeld in Sources */,
			);
			runOnlyForDeploymentPostprocessing = 0;
		};
		C915349D2B4AF7DE0040256B /* Sources */ = {
			isa = PBXSourcesBuildPhase;
			buildActionMask = 2147483647;
			files = (
				C91534A62B4AF7DE0040256B /* testprojectTests.swift in Sources */,
				C973BA832B52DE10008F1446 /* TokenizerTests.swift in Sources */,
			);
			runOnlyForDeploymentPostprocessing = 0;
		};
		C91534A72B4AF7DE0040256B /* Sources */ = {
			isa = PBXSourcesBuildPhase;
			buildActionMask = 2147483647;
			files = (
				C91534B22B4AF7DE0040256B /* testprojectUITestsLaunchTests.swift in Sources */,
				C91534B02B4AF7DE0040256B /* testprojectUITests.swift in Sources */,
				C9EA1CAD2B52EC410010A8EF /* ViewControllerUITests.swift in Sources */,
			);
			runOnlyForDeploymentPostprocessing = 0;
		};
/* End PBXSourcesBuildPhase section */

/* Begin PBXTargetDependency section */
		C91534A32B4AF7DE0040256B /* PBXTargetDependency */ = {
			isa = PBXTargetDependency;
			target = C91534872B4AF7DD0040256B /* testproject */;
			targetProxy = C91534A22B4AF7DE0040256B /* PBXContainerItemProxy */;
		};
		C91534AD2B4AF7DE0040256B /* PBXTargetDependency */ = {
			isa = PBXTargetDependency;
			target = C91534872B4AF7DD0040256B /* testproject */;
			targetProxy = C91534AC2B4AF7DE0040256B /* PBXContainerItemProxy */;
		};
/* End PBXTargetDependency section */

/* Begin PBXVariantGroup section */
		C91534912B4AF7DD0040256B /* Main.storyboard */ = {
			isa = PBXVariantGroup;
			children = (
				C91534922B4AF7DD0040256B /* Base */,
			);
			name = Main.storyboard;
			sourceTree = "<group>";
		};
		C91534992B4AF7DE0040256B /* LaunchScreen.storyboard */ = {
			isa = PBXVariantGroup;
			children = (
				C915349A2B4AF7DE0040256B /* Base */,
			);
			name = LaunchScreen.storyboard;
			sourceTree = "<group>";
		};
/* End PBXVariantGroup section */

/* Begin XCBuildConfiguration section */
		C91534B32B4AF7DE0040256B /* Debug */ = {
			isa = XCBuildConfiguration;
			buildSettings = {
				ALWAYS_SEARCH_USER_PATHS = NO;
				CLANG_ANALYZER_NONNULL = YES;
				CLANG_ANALYZER_NUMBER_OBJECT_CONVERSION = YES_AGGRESSIVE;
				CLANG_CXX_LANGUAGE_STANDARD = "gnu++20";
				CLANG_ENABLE_MODULES = YES;
				CLANG_ENABLE_OBJC_ARC = YES;
				CLANG_ENABLE_OBJC_WEAK = YES;
				CLANG_WARN_BLOCK_CAPTURE_AUTORELEASING = YES;
				CLANG_WARN_BOOL_CONVERSION = YES;
				CLANG_WARN_COMMA = YES;
				CLANG_WARN_CONSTANT_CONVERSION = YES;
				CLANG_WARN_DEPRECATED_OBJC_IMPLEMENTATIONS = YES;
				CLANG_WARN_DIRECT_OBJC_ISA_USAGE = YES_ERROR;
				CLANG_WARN_DOCUMENTATION_COMMENTS = YES;
				CLANG_WARN_EMPTY_BODY = YES;
				CLANG_WARN_ENUM_CONVERSION = YES;
				CLANG_WARN_INFINITE_RECURSION = YES;
				CLANG_WARN_INT_CONVERSION = YES;
				CLANG_WARN_NON_LITERAL_NULL_CONVERSION = YES;
				CLANG_WARN_OBJC_IMPLICIT_RETAIN_SELF = YES;
				CLANG_WARN_OBJC_LITERAL_CONVERSION = YES;
				CLANG_WARN_OBJC_ROOT_CLASS = YES_ERROR;
				CLANG_WARN_QUOTED_INCLUDE_IN_FRAMEWORK_HEADER = YES;
				CLANG_WARN_RANGE_LOOP_ANALYSIS = YES;
				CLANG_WARN_STRICT_PROTOTYPES = YES;
				CLANG_WARN_SUSPICIOUS_MOVE = YES;
				CLANG_WARN_UNGUARDED_AVAILABILITY = YES_AGGRESSIVE;
				CLANG_WARN_UNREACHABLE_CODE = YES;
				CLANG_WARN__DUPLICATE_METHOD_MATCH = YES;
				COPY_PHASE_STRIP = NO;
				DEBUG_INFORMATION_FORMAT = dwarf;
				ENABLE_STRICT_OBJC_MSGSEND = YES;
				ENABLE_TESTABILITY = YES;
				GCC_C_LANGUAGE_STANDARD = gnu11;
				GCC_DYNAMIC_NO_PIC = NO;
				GCC_NO_COMMON_BLOCKS = YES;
				GCC_OPTIMIZATION_LEVEL = 0;
				GCC_PREPROCESSOR_DEFINITIONS = (
					"DEBUG=1",
					"$(inherited)",
				);
				GCC_WARN_64_TO_32_BIT_CONVERSION = YES;
				GCC_WARN_ABOUT_RETURN_TYPE = YES_ERROR;
				GCC_WARN_UNDECLARED_SELECTOR = YES;
				GCC_WARN_UNINITIALIZED_AUTOS = YES_AGGRESSIVE;
				GCC_WARN_UNUSED_FUNCTION = YES;
				GCC_WARN_UNUSED_VARIABLE = YES;
				IPHONEOS_DEPLOYMENT_TARGET = 16.4;
				MTL_ENABLE_DEBUG_INFO = INCLUDE_SOURCE;
				MTL_FAST_MATH = YES;
				ONLY_ACTIVE_ARCH = YES;
				SDKROOT = iphoneos;
				SWIFT_ACTIVE_COMPILATION_CONDITIONS = DEBUG;
				SWIFT_OPTIMIZATION_LEVEL = "-Onone";
			};
			name = Debug;
		};
		C91534B42B4AF7DE0040256B /* Release */ = {
			isa = XCBuildConfiguration;
			buildSettings = {
				ALWAYS_SEARCH_USER_PATHS = NO;
				CLANG_ANALYZER_NONNULL = YES;
				CLANG_ANALYZER_NUMBER_OBJECT_CONVERSION = YES_AGGRESSIVE;
				CLANG_CXX_LANGUAGE_STANDARD = "gnu++20";
				CLANG_ENABLE_MODULES = YES;
				CLANG_ENABLE_OBJC_ARC = YES;
				CLANG_ENABLE_OBJC_WEAK = YES;
				CLANG_WARN_BLOCK_CAPTURE_AUTORELEASING = YES;
				CLANG_WARN_BOOL_CONVERSION = YES;
				CLANG_WARN_COMMA = YES;
				CLANG_WARN_CONSTANT_CONVERSION = YES;
				CLANG_WARN_DEPRECATED_OBJC_IMPLEMENTATIONS = YES;
				CLANG_WARN_DIRECT_OBJC_ISA_USAGE = YES_ERROR;
				CLANG_WARN_DOCUMENTATION_COMMENTS = YES;
				CLANG_WARN_EMPTY_BODY = YES;
				CLANG_WARN_ENUM_CONVERSION = YES;
				CLANG_WARN_INFINITE_RECURSION = YES;
				CLANG_WARN_INT_CONVERSION = YES;
				CLANG_WARN_NON_LITERAL_NULL_CONVERSION = YES;
				CLANG_WARN_OBJC_IMPLICIT_RETAIN_SELF = YES;
				CLANG_WARN_OBJC_LITERAL_CONVERSION = YES;
				CLANG_WARN_OBJC_ROOT_CLASS = YES_ERROR;
				CLANG_WARN_QUOTED_INCLUDE_IN_FRAMEWORK_HEADER = YES;
				CLANG_WARN_RANGE_LOOP_ANALYSIS = YES;
				CLANG_WARN_STRICT_PROTOTYPES = YES;
				CLANG_WARN_SUSPICIOUS_MOVE = YES;
				CLANG_WARN_UNGUARDED_AVAILABILITY = YES_AGGRESSIVE;
				CLANG_WARN_UNREACHABLE_CODE = YES;
				CLANG_WARN__DUPLICATE_METHOD_MATCH = YES;
				COPY_PHASE_STRIP = NO;
				DEBUG_INFORMATION_FORMAT = "dwarf-with-dsym";
				ENABLE_NS_ASSERTIONS = NO;
				ENABLE_STRICT_OBJC_MSGSEND = YES;
				GCC_C_LANGUAGE_STANDARD = gnu11;
				GCC_NO_COMMON_BLOCKS = YES;
				GCC_WARN_64_TO_32_BIT_CONVERSION = YES;
				GCC_WARN_ABOUT_RETURN_TYPE = YES_ERROR;
				GCC_WARN_UNDECLARED_SELECTOR = YES;
				GCC_WARN_UNINITIALIZED_AUTOS = YES_AGGRESSIVE;
				GCC_WARN_UNUSED_FUNCTION = YES;
				GCC_WARN_UNUSED_VARIABLE = YES;
				IPHONEOS_DEPLOYMENT_TARGET = 16.4;
				MTL_ENABLE_DEBUG_INFO = NO;
				MTL_FAST_MATH = YES;
				SDKROOT = iphoneos;
				SWIFT_COMPILATION_MODE = wholemodule;
				SWIFT_OPTIMIZATION_LEVEL = "-O";
				VALIDATE_PRODUCT = YES;
			};
			name = Release;
		};
		C91534B62B4AF7DE0040256B /* Debug */ = {
			isa = XCBuildConfiguration;
			buildSettings = {
				ASSETCATALOG_COMPILER_APPICON_NAME = AppIcon;
				ASSETCATALOG_COMPILER_GLOBAL_ACCENT_COLOR_NAME = AccentColor;
				CODE_SIGN_STYLE = Automatic;
				CURRENT_PROJECT_VERSION = 1;
				GENERATE_INFOPLIST_FILE = YES;
				INFOPLIST_FILE = testproject/Info.plist;
				INFOPLIST_KEY_UIApplicationSupportsIndirectInputEvents = YES;
				INFOPLIST_KEY_UILaunchStoryboardName = LaunchScreen;
				INFOPLIST_KEY_UIMainStoryboardFile = Main;
				INFOPLIST_KEY_UISupportedInterfaceOrientations_iPad = "UIInterfaceOrientationPortrait UIInterfaceOrientationPortraitUpsideDown UIInterfaceOrientationLandscapeLeft UIInterfaceOrientationLandscapeRight";
				INFOPLIST_KEY_UISupportedInterfaceOrientations_iPhone = "UIInterfaceOrientationPortrait UIInterfaceOrientationLandscapeLeft UIInterfaceOrientationLandscapeRight";
				LD_RUNPATH_SEARCH_PATHS = (
					"$(inherited)",
					"@executable_path/Frameworks",
				);
				MARKETING_VERSION = 1.0;
				PRODUCT_BUNDLE_IDENTIFIER = project.testproject;
				PRODUCT_NAME = "$(TARGET_NAME)";
				SWIFT_EMIT_LOC_STRINGS = YES;
				SWIFT_VERSION = 5.0;
				TARGETED_DEVICE_FAMILY = "1,2";
			};
			name = Debug;
		};
		C91534B72B4AF7DE0040256B /* Release */ = {
			isa = XCBuildConfiguration;
			buildSettings = {
				ASSETCATALOG_COMPILER_APPICON_NAME = AppIcon;
				ASSETCATALOG_COMPILER_GLOBAL_ACCENT_COLOR_NAME = AccentColor;
				CODE_SIGN_STYLE = Automatic;
				CURRENT_PROJECT_VERSION = 1;
				GENERATE_INFOPLIST_FILE = YES;
				INFOPLIST_FILE = testproject/Info.plist;
				INFOPLIST_KEY_UIApplicationSupportsIndirectInputEvents = YES;
				INFOPLIST_KEY_UILaunchStoryboardName = LaunchScreen;
				INFOPLIST_KEY_UIMainStoryboardFile = Main;
				INFOPLIST_KEY_UISupportedInterfaceOrientations_iPad = "UIInterfaceOrientationPortrait UIInterfaceOrientationPortraitUpsideDown UIInterfaceOrientationLandscapeLeft UIInterfaceOrientationLandscapeRight";
				INFOPLIST_KEY_UISupportedInterfaceOrientations_iPhone = "UIInterfaceOrientationPortrait UIInterfaceOrientationLandscapeLeft UIInterfaceOrientationLandscapeRight";
				LD_RUNPATH_SEARCH_PATHS = (
					"$(inherited)",
					"@executable_path/Frameworks",
				);
				MARKETING_VERSION = 1.0;
				PRODUCT_BUNDLE_IDENTIFIER = project.testproject;
				PRODUCT_NAME = "$(TARGET_NAME)";
				SWIFT_EMIT_LOC_STRINGS = YES;
				SWIFT_VERSION = 5.0;
				TARGETED_DEVICE_FAMILY = "1,2";
			};
			name = Release;
		};
		C91534B92B4AF7DE0040256B /* Debug */ = {
			isa = XCBuildConfiguration;
			buildSettings = {
				ALWAYS_EMBED_SWIFT_STANDARD_LIBRARIES = YES;
				BUNDLE_LOADER = "$(TEST_HOST)";
				CODE_SIGN_STYLE = Automatic;
				CURRENT_PROJECT_VERSION = 1;
				GENERATE_INFOPLIST_FILE = YES;
				IPHONEOS_DEPLOYMENT_TARGET = 16.4;
				MARKETING_VERSION = 1.0;
				PRODUCT_BUNDLE_IDENTIFIER = project.testprojectTests;
				PRODUCT_NAME = "$(TARGET_NAME)";
				SWIFT_EMIT_LOC_STRINGS = NO;
				SWIFT_VERSION = 5.0;
				TARGETED_DEVICE_FAMILY = "1,2";
				TEST_HOST = "$(BUILT_PRODUCTS_DIR)/testproject.app/$(BUNDLE_EXECUTABLE_FOLDER_PATH)/testproject";
			};
			name = Debug;
		};
		C91534BA2B4AF7DE0040256B /* Release */ = {
			isa = XCBuildConfiguration;
			buildSettings = {
				ALWAYS_EMBED_SWIFT_STANDARD_LIBRARIES = YES;
				BUNDLE_LOADER = "$(TEST_HOST)";
				CODE_SIGN_STYLE = Automatic;
				CURRENT_PROJECT_VERSION = 1;
				GENERATE_INFOPLIST_FILE = YES;
				IPHONEOS_DEPLOYMENT_TARGET = 16.4;
				MARKETING_VERSION = 1.0;
				PRODUCT_BUNDLE_IDENTIFIER = project.testprojectTests;
				PRODUCT_NAME = "$(TARGET_NAME)";
				SWIFT_EMIT_LOC_STRINGS = NO;
				SWIFT_VERSION = 5.0;
				TARGETED_DEVICE_FAMILY = "1,2";
				TEST_HOST = "$(BUILT_PRODUCTS_DIR)/testproject.app/$(BUNDLE_EXECUTABLE_FOLDER_PATH)/testproject";
			};
			name = Release;
		};
		C91534BC2B4AF7DE0040256B /* Debug */ = {
			isa = XCBuildConfiguration;
			buildSettings = {
				ALWAYS_EMBED_SWIFT_STANDARD_LIBRARIES = YES;
				CODE_SIGN_STYLE = Automatic;
				CURRENT_PROJECT_VERSION = 1;
				GENERATE_INFOPLIST_FILE = YES;
				MARKETING_VERSION = 1.0;
				PRODUCT_BUNDLE_IDENTIFIER = project.testprojectUITests;
				PRODUCT_NAME = "$(TARGET_NAME)";
				SWIFT_EMIT_LOC_STRINGS = NO;
				SWIFT_VERSION = 5.0;
				TARGETED_DEVICE_FAMILY = "1,2";
				TEST_TARGET_NAME = testproject;
			};
			name = Debug;
		};
		C91534BD2B4AF7DE0040256B /* Release */ = {
			isa = XCBuildConfiguration;
			buildSettings = {
				ALWAYS_EMBED_SWIFT_STANDARD_LIBRARIES = YES;
				CODE_SIGN_STYLE = Automatic;
				CURRENT_PROJECT_VERSION = 1;
				GENERATE_INFOPLIST_FILE = YES;
				MARKETING_VERSION = 1.0;
				PRODUCT_BUNDLE_IDENTIFIER = project.testprojectUITests;
				PRODUCT_NAME = "$(TARGET_NAME)";
				SWIFT_EMIT_LOC_STRINGS = NO;
				SWIFT_VERSION = 5.0;
				TARGETED_DEVICE_FAMILY = "1,2";
				TEST_TARGET_NAME = testproject;
			};
			name = Release;
		};
/* End XCBuildConfiguration section */

/* Begin XCConfigurationList section */
		C91534832B4AF7DD0040256B /* Build configuration list for PBXProject "testproject" */ = {
			isa = XCConfigurationList;
			buildConfigurations = (
				C91534B32B4AF7DE0040256B /* Debug */,
				C91534B42B4AF7DE0040256B /* Release */,
			);
			defaultConfigurationIsVisible = 0;
			defaultConfigurationName = Release;
		};
		C91534B52B4AF7DE0040256B /* Build configuration list for PBXNativeTarget "testproject" */ = {
			isa = XCConfigurationList;
			buildConfigurations = (
				C91534B62B4AF7DE0040256B /* Debug */,
				C91534B72B4AF7DE0040256B /* Release */,
			);
			defaultConfigurationIsVisible = 0;
			defaultConfigurationName = Release;
		};
		C91534B82B4AF7DE0040256B /* Build configuration list for PBXNativeTarget "testprojectTests" */ = {
			isa = XCConfigurationList;
			buildConfigurations = (
				C91534B92B4AF7DE0040256B /* Debug */,
				C91534BA2B4AF7DE0040256B /* Release */,
			);
			defaultConfigurationIsVisible = 0;
			defaultConfigurationName = Release;
		};
		C91534BB2B4AF7DE0040256B /* Build configuration list for PBXNativeTarget "testprojectUITests" */ = {
			isa = XCConfigurationList;
			buildConfigurations = (
				C91534BC2B4AF7DE0040256B /* Debug */,
				C91534BD2B4AF7DE0040256B /* Release */,
			);
			defaultConfigurationIsVisible = 0;
			defaultConfigurationName = Release;
		};
/* End XCConfigurationList section */

/* Begin XCVersionGroup section */
		C91534942B4AF7DD0040256B /* testproject.xcdatamodeld */ = {
			isa = XCVersionGroup;
			children = (
				C91534952B4AF7DD0040256B /* testproject.xcdatamodel */,
			);
			currentVersion = C91534952B4AF7DD0040256B /* testproject.xcdatamodel */;
			path = testproject.xcdatamodeld;
			sourceTree = "<group>";
			versionGroupType = wrapper.xcdatamodel;
		};
/* End XCVersionGroup section */
	};
	rootObject = C91534802B4AF7DD0040256B /* Project object */;
}
